# This file is automatically @generated by Cargo.
# It is not intended for manual editing.
version = 3

[[package]]
name = "ecspy"
version = "0.1.0"
dependencies = [
 "libc",
 "redox_hwio",
]

[[package]]
name = "libc"
version = "0.2.121"
source = "registry+https://github.com/rust-lang/crates.io-index"
checksum = "efaa7b300f3b5fe8eb6bf21ce3895e1751d9665086af2d64b42f19701015ff4f"

[[package]]
name = "redox_hwio"
version = "0.1.5"
source = "registry+https://github.com/rust-lang/crates.io-index"
checksum = "9489d9e1b95e30ca0c6c5e9f5af5960ef838e4045eecd71db748248a7216778d"
