# This file is automatically @generated by Cargo.
# It is not intended for manual editing.
[[package]]
name = "ecspy"
version = "0.1.0"
dependencies = [
 "libc",
 "redox_hwio",
]

[[package]]
name = "libc"
version = "0.2.104"
source = "registry+https://github.com/rust-lang/crates.io-index"
checksum = "7b2f96d100e1cf1929e7719b7edb3b90ab5298072638fccd77be9ce942ecdfce"

[[package]]
name = "redox_hwio"
version = "0.1.4"
source = "registry+https://github.com/rust-lang/crates.io-index"
checksum = "2b3b8075af56e2600f1bc43e97cb3911b8320d89d39a6215739c3cfff91af016"
