# This file is automatically @generated by Cargo.
# It is not intended for manual editing.
[[package]]
name = "ecspy"
version = "0.1.0"
dependencies = [
 "libc 0.2.80 (registry+https://github.com/rust-lang/crates.io-index)",
 "redox_hwio 0.1.3 (registry+https://github.com/rust-lang/crates.io-index)",
]

[[package]]
name = "libc"
version = "0.2.80"
source = "registry+https://github.com/rust-lang/crates.io-index"

[[package]]
name = "redox_hwio"
version = "0.1.3"
source = "registry+https://github.com/rust-lang/crates.io-index"

[metadata]
"checksum libc 0.2.80 (registry+https://github.com/rust-lang/crates.io-index)" = "4d58d1b70b004888f764dfbf6a26a3b0342a1632d33968e4a179d8011c760614"
"checksum redox_hwio 0.1.3 (registry+https://github.com/rust-lang/crates.io-index)" = "41aa2c4c67329a04106644cad336238aa5adecfd73d06fb10339d472ce6d8070"
